// !$*UTF8*$!
{
	archiveVersion = 1;
	classes = {
	};
	objectVersion = 50;
	objects = {

/* Begin PBXBuildFile section */
		0556276924573071003B5080 /* AppExtensionKit.framework in Frameworks */ = {isa = PBXBuildFile; fileRef = 0556275F24573071003B5080 /* AppExtensionKit.framework */; };
		0556276E24573072003B5080 /* AppExtensionKitTests.swift in Sources */ = {isa = PBXBuildFile; fileRef = 0556276D24573072003B5080 /* AppExtensionKitTests.swift */; };
		0556277024573072003B5080 /* AppExtensionKit.h in Headers */ = {isa = PBXBuildFile; fileRef = 0556276224573071003B5080 /* AppExtensionKit.h */; settings = {ATTRIBUTES = (Public, ); }; };
		0556277B24573098003B5080 /* BundleExtension.swift in Sources */ = {isa = PBXBuildFile; fileRef = 0556277A24573098003B5080 /* BundleExtension.swift */; };
		0556277D245730BA003B5080 /* StringSizeExtension.swift in Sources */ = {isa = PBXBuildFile; fileRef = 0556277C245730BA003B5080 /* StringSizeExtension.swift */; };
		055627822457312E003B5080 /* StringAttributedExtension.swift in Sources */ = {isa = PBXBuildFile; fileRef = 055627812457312E003B5080 /* StringAttributedExtension.swift */; };
		055627842457318F003B5080 /* StringComponentsExtension.swift in Sources */ = {isa = PBXBuildFile; fileRef = 055627832457318F003B5080 /* StringComponentsExtension.swift */; };
		05562786245731DC003B5080 /* StringDataExtension.swift in Sources */ = {isa = PBXBuildFile; fileRef = 05562785245731DC003B5080 /* StringDataExtension.swift */; };
		05562788245733EC003B5080 /* MimeType.swift in Sources */ = {isa = PBXBuildFile; fileRef = 05562787245733EC003B5080 /* MimeType.swift */; };
		0556278A24573481003B5080 /* StringTubleExtension.swift in Sources */ = {isa = PBXBuildFile; fileRef = 0556278924573481003B5080 /* StringTubleExtension.swift */; };
		0556278C245734C0003B5080 /* UIColorExtention.swift in Sources */ = {isa = PBXBuildFile; fileRef = 0556278B245734C0003B5080 /* UIColorExtention.swift */; };
		0556278E245735F5003B5080 /* URLExtension.swift in Sources */ = {isa = PBXBuildFile; fileRef = 0556278D245735F5003B5080 /* URLExtension.swift */; };
/* End PBXBuildFile section */

/* Begin PBXContainerItemProxy section */
		0556276A24573072003B5080 /* PBXContainerItemProxy */ = {
			isa = PBXContainerItemProxy;
			containerPortal = 0556275624573071003B5080 /* Project object */;
			proxyType = 1;
			remoteGlobalIDString = 0556275E24573071003B5080;
			remoteInfo = AppExtensionKit;
		};
/* End PBXContainerItemProxy section */

/* Begin PBXFileReference section */
		0556275F24573071003B5080 /* AppExtensionKit.framework */ = {isa = PBXFileReference; explicitFileType = wrapper.framework; includeInIndex = 0; path = AppExtensionKit.framework; sourceTree = BUILT_PRODUCTS_DIR; };
		0556276224573071003B5080 /* AppExtensionKit.h */ = {isa = PBXFileReference; lastKnownFileType = sourcecode.c.h; path = AppExtensionKit.h; sourceTree = "<group>"; };
		0556276324573071003B5080 /* Info.plist */ = {isa = PBXFileReference; lastKnownFileType = text.plist.xml; path = Info.plist; sourceTree = "<group>"; };
		0556276824573071003B5080 /* AppExtensionKitTests.xctest */ = {isa = PBXFileReference; explicitFileType = wrapper.cfbundle; includeInIndex = 0; path = AppExtensionKitTests.xctest; sourceTree = BUILT_PRODUCTS_DIR; };
		0556276D24573072003B5080 /* AppExtensionKitTests.swift */ = {isa = PBXFileReference; lastKnownFileType = sourcecode.swift; path = AppExtensionKitTests.swift; sourceTree = "<group>"; };
		0556276F24573072003B5080 /* Info.plist */ = {isa = PBXFileReference; lastKnownFileType = text.plist.xml; path = Info.plist; sourceTree = "<group>"; };
		0556277A24573098003B5080 /* BundleExtension.swift */ = {isa = PBXFileReference; fileEncoding = 4; lastKnownFileType = sourcecode.swift; path = BundleExtension.swift; sourceTree = "<group>"; };
		0556277C245730BA003B5080 /* StringSizeExtension.swift */ = {isa = PBXFileReference; fileEncoding = 4; lastKnownFileType = sourcecode.swift; path = StringSizeExtension.swift; sourceTree = "<group>"; };
		055627812457312E003B5080 /* StringAttributedExtension.swift */ = {isa = PBXFileReference; fileEncoding = 4; lastKnownFileType = sourcecode.swift; path = StringAttributedExtension.swift; sourceTree = "<group>"; };
		055627832457318F003B5080 /* StringComponentsExtension.swift */ = {isa = PBXFileReference; lastKnownFileType = sourcecode.swift; path = StringComponentsExtension.swift; sourceTree = "<group>"; };
		05562785245731DC003B5080 /* StringDataExtension.swift */ = {isa = PBXFileReference; lastKnownFileType = sourcecode.swift; path = StringDataExtension.swift; sourceTree = "<group>"; };
		05562787245733EC003B5080 /* MimeType.swift */ = {isa = PBXFileReference; fileEncoding = 4; lastKnownFileType = sourcecode.swift; path = MimeType.swift; sourceTree = "<group>"; };
		0556278924573481003B5080 /* StringTubleExtension.swift */ = {isa = PBXFileReference; lastKnownFileType = sourcecode.swift; path = StringTubleExtension.swift; sourceTree = "<group>"; };
		0556278B245734C0003B5080 /* UIColorExtention.swift */ = {isa = PBXFileReference; fileEncoding = 4; lastKnownFileType = sourcecode.swift; path = UIColorExtention.swift; sourceTree = "<group>"; };
		0556278D245735F5003B5080 /* URLExtension.swift */ = {isa = PBXFileReference; lastKnownFileType = sourcecode.swift; path = URLExtension.swift; sourceTree = "<group>"; };
/* End PBXFileReference section */

/* Begin PBXFrameworksBuildPhase section */
		0556275C24573071003B5080 /* Frameworks */ = {
			isa = PBXFrameworksBuildPhase;
			buildActionMask = 2147483647;
			files = (
			);
			runOnlyForDeploymentPostprocessing = 0;
		};
		0556276524573071003B5080 /* Frameworks */ = {
			isa = PBXFrameworksBuildPhase;
			buildActionMask = 2147483647;
			files = (
				0556276924573071003B5080 /* AppExtensionKit.framework in Frameworks */,
			);
			runOnlyForDeploymentPostprocessing = 0;
		};
/* End PBXFrameworksBuildPhase section */

/* Begin PBXGroup section */
		0556275524573071003B5080 = {
			isa = PBXGroup;
			children = (
				0556276124573071003B5080 /* AppExtensionKit */,
				0556276C24573072003B5080 /* AppExtensionKitTests */,
				0556276024573071003B5080 /* Products */,
			);
			sourceTree = "<group>";
		};
		0556276024573071003B5080 /* Products */ = {
			isa = PBXGroup;
			children = (
				0556275F24573071003B5080 /* AppExtensionKit.framework */,
				0556276824573071003B5080 /* AppExtensionKitTests.xctest */,
			);
			name = Products;
			sourceTree = "<group>";
		};
		0556276124573071003B5080 /* AppExtensionKit */ = {
			isa = PBXGroup;
			children = (
				055627792457307B003B5080 /* Sources */,
				0556276224573071003B5080 /* AppExtensionKit.h */,
				0556276324573071003B5080 /* Info.plist */,
			);
			path = AppExtensionKit;
			sourceTree = "<group>";
		};
		0556276C24573072003B5080 /* AppExtensionKitTests */ = {
			isa = PBXGroup;
			children = (
				0556276D24573072003B5080 /* AppExtensionKitTests.swift */,
				0556276F24573072003B5080 /* Info.plist */,
			);
			path = AppExtensionKitTests;
			sourceTree = "<group>";
		};
		055627792457307B003B5080 /* Sources */ = {
			isa = PBXGroup;
			children = (
				05562780245730DF003B5080 /* String */,
				0556277A24573098003B5080 /* BundleExtension.swift */,
				0556278B245734C0003B5080 /* UIColorExtention.swift */,
				0556278D245735F5003B5080 /* URLExtension.swift */,
				05562787245733EC003B5080 /* MimeType.swift */,
			);
			path = Sources;
			sourceTree = "<group>";
		};
		05562780245730DF003B5080 /* String */ = {
			isa = PBXGroup;
			children = (
				055627812457312E003B5080 /* StringAttributedExtension.swift */,
				0556277C245730BA003B5080 /* StringSizeExtension.swift */,
				055627832457318F003B5080 /* StringComponentsExtension.swift */,
				05562785245731DC003B5080 /* StringDataExtension.swift */,
				0556278924573481003B5080 /* StringTubleExtension.swift */,
			);
			path = String;
			sourceTree = "<group>";
		};
/* End PBXGroup section */

/* Begin PBXHeadersBuildPhase section */
		0556275A24573071003B5080 /* Headers */ = {
			isa = PBXHeadersBuildPhase;
			buildActionMask = 2147483647;
			files = (
				0556277024573072003B5080 /* AppExtensionKit.h in Headers */,
			);
			runOnlyForDeploymentPostprocessing = 0;
		};
/* End PBXHeadersBuildPhase section */

/* Begin PBXNativeTarget section */
		0556275E24573071003B5080 /* AppExtensionKit */ = {
			isa = PBXNativeTarget;
			buildConfigurationList = 0556277324573072003B5080 /* Build configuration list for PBXNativeTarget "AppExtensionKit" */;
			buildPhases = (
				0556275A24573071003B5080 /* Headers */,
				0556275B24573071003B5080 /* Sources */,
				0556275C24573071003B5080 /* Frameworks */,
				0556275D24573071003B5080 /* Resources */,
			);
			buildRules = (
			);
			dependencies = (
			);
			name = AppExtensionKit;
			productName = AppExtensionKit;
			productReference = 0556275F24573071003B5080 /* AppExtensionKit.framework */;
			productType = "com.apple.product-type.framework";
		};
		0556276724573071003B5080 /* AppExtensionKitTests */ = {
			isa = PBXNativeTarget;
			buildConfigurationList = 0556277624573072003B5080 /* Build configuration list for PBXNativeTarget "AppExtensionKitTests" */;
			buildPhases = (
				0556276424573071003B5080 /* Sources */,
				0556276524573071003B5080 /* Frameworks */,
				0556276624573071003B5080 /* Resources */,
			);
			buildRules = (
			);
			dependencies = (
				0556276B24573072003B5080 /* PBXTargetDependency */,
			);
			name = AppExtensionKitTests;
			productName = AppExtensionKitTests;
			productReference = 0556276824573071003B5080 /* AppExtensionKitTests.xctest */;
			productType = "com.apple.product-type.bundle.unit-test";
		};
/* End PBXNativeTarget section */

/* Begin PBXProject section */
		0556275624573071003B5080 /* Project object */ = {
			isa = PBXProject;
			attributes = {
				LastSwiftUpdateCheck = 1130;
				LastUpgradeCheck = 1130;
				ORGANIZATIONNAME = "Cao Phuoc Thanh";
				TargetAttributes = {
					0556275E24573071003B5080 = {
						CreatedOnToolsVersion = 11.3.1;
						LastSwiftMigration = 1130;
					};
					0556276724573071003B5080 = {
						CreatedOnToolsVersion = 11.3.1;
					};
				};
			};
			buildConfigurationList = 0556275924573071003B5080 /* Build configuration list for PBXProject "AppExtensionKit" */;
			compatibilityVersion = "Xcode 9.3";
			developmentRegion = en;
			hasScannedForEncodings = 0;
			knownRegions = (
				en,
				Base,
			);
			mainGroup = 0556275524573071003B5080;
			productRefGroup = 0556276024573071003B5080 /* Products */;
			projectDirPath = "";
			projectRoot = "";
			targets = (
				0556275E24573071003B5080 /* AppExtensionKit */,
				0556276724573071003B5080 /* AppExtensionKitTests */,
			);
		};
/* End PBXProject section */

/* Begin PBXResourcesBuildPhase section */
		0556275D24573071003B5080 /* Resources */ = {
			isa = PBXResourcesBuildPhase;
			buildActionMask = 2147483647;
			files = (
			);
			runOnlyForDeploymentPostprocessing = 0;
		};
		0556276624573071003B5080 /* Resources */ = {
			isa = PBXResourcesBuildPhase;
			buildActionMask = 2147483647;
			files = (
			);
			runOnlyForDeploymentPostprocessing = 0;
		};
/* End PBXResourcesBuildPhase section */

/* Begin PBXSourcesBuildPhase section */
		0556275B24573071003B5080 /* Sources */ = {
			isa = PBXSourcesBuildPhase;
			buildActionMask = 2147483647;
			files = (
				05562788245733EC003B5080 /* MimeType.swift in Sources */,
				0556277B24573098003B5080 /* BundleExtension.swift in Sources */,
				05562786245731DC003B5080 /* StringDataExtension.swift in Sources */,
				055627822457312E003B5080 /* StringAttributedExtension.swift in Sources */,
				0556278E245735F5003B5080 /* URLExtension.swift in Sources */,
				0556278A24573481003B5080 /* StringTubleExtension.swift in Sources */,
				055627842457318F003B5080 /* StringComponentsExtension.swift in Sources */,
				0556277D245730BA003B5080 /* StringSizeExtension.swift in Sources */,
				0556278C245734C0003B5080 /* UIColorExtention.swift in Sources */,
			);
			runOnlyForDeploymentPostprocessing = 0;
		};
		0556276424573071003B5080 /* Sources */ = {
			isa = PBXSourcesBuildPhase;
			buildActionMask = 2147483647;
			files = (
				0556276E24573072003B5080 /* AppExtensionKitTests.swift in Sources */,
			);
			runOnlyForDeploymentPostprocessing = 0;
		};
/* End PBXSourcesBuildPhase section */

/* Begin PBXTargetDependency section */
		0556276B24573072003B5080 /* PBXTargetDependency */ = {
			isa = PBXTargetDependency;
			target = 0556275E24573071003B5080 /* AppExtensionKit */;
			targetProxy = 0556276A24573072003B5080 /* PBXContainerItemProxy */;
		};
/* End PBXTargetDependency section */

/* Begin XCBuildConfiguration section */
		0556277124573072003B5080 /* Debug */ = {
			isa = XCBuildConfiguration;
			buildSettings = {
				ALWAYS_SEARCH_USER_PATHS = NO;
				CLANG_ANALYZER_NONNULL = YES;
				CLANG_ANALYZER_NUMBER_OBJECT_CONVERSION = YES_AGGRESSIVE;
				CLANG_CXX_LANGUAGE_STANDARD = "gnu++14";
				CLANG_CXX_LIBRARY = "libc++";
				CLANG_ENABLE_MODULES = YES;
				CLANG_ENABLE_OBJC_ARC = YES;
				CLANG_ENABLE_OBJC_WEAK = YES;
				CLANG_WARN_BLOCK_CAPTURE_AUTORELEASING = YES;
				CLANG_WARN_BOOL_CONVERSION = YES;
				CLANG_WARN_COMMA = YES;
				CLANG_WARN_CONSTANT_CONVERSION = YES;
				CLANG_WARN_DEPRECATED_OBJC_IMPLEMENTATIONS = YES;
				CLANG_WARN_DIRECT_OBJC_ISA_USAGE = YES_ERROR;
				CLANG_WARN_DOCUMENTATION_COMMENTS = YES;
				CLANG_WARN_EMPTY_BODY = YES;
				CLANG_WARN_ENUM_CONVERSION = YES;
				CLANG_WARN_INFINITE_RECURSION = YES;
				CLANG_WARN_INT_CONVERSION = YES;
				CLANG_WARN_NON_LITERAL_NULL_CONVERSION = YES;
				CLANG_WARN_OBJC_IMPLICIT_RETAIN_SELF = YES;
				CLANG_WARN_OBJC_LITERAL_CONVERSION = YES;
				CLANG_WARN_OBJC_ROOT_CLASS = YES_ERROR;
				CLANG_WARN_RANGE_LOOP_ANALYSIS = YES;
				CLANG_WARN_STRICT_PROTOTYPES = YES;
				CLANG_WARN_SUSPICIOUS_MOVE = YES;
				CLANG_WARN_UNGUARDED_AVAILABILITY = YES_AGGRESSIVE;
				CLANG_WARN_UNREACHABLE_CODE = YES;
				CLANG_WARN__DUPLICATE_METHOD_MATCH = YES;
				COPY_PHASE_STRIP = NO;
				CURRENT_PROJECT_VERSION = 1;
				DEBUG_INFORMATION_FORMAT = dwarf;
				ENABLE_STRICT_OBJC_MSGSEND = YES;
				ENABLE_TESTABILITY = YES;
				GCC_C_LANGUAGE_STANDARD = gnu11;
				GCC_DYNAMIC_NO_PIC = NO;
				GCC_NO_COMMON_BLOCKS = YES;
				GCC_OPTIMIZATION_LEVEL = 0;
				GCC_PREPROCESSOR_DEFINITIONS = (
					"DEBUG=1",
					"$(inherited)",
				);
				GCC_WARN_64_TO_32_BIT_CONVERSION = YES;
				GCC_WARN_ABOUT_RETURN_TYPE = YES_ERROR;
				GCC_WARN_UNDECLARED_SELECTOR = YES;
				GCC_WARN_UNINITIALIZED_AUTOS = YES_AGGRESSIVE;
				GCC_WARN_UNUSED_FUNCTION = YES;
				GCC_WARN_UNUSED_VARIABLE = YES;
				IPHONEOS_DEPLOYMENT_TARGET = 13.2;
				MTL_ENABLE_DEBUG_INFO = INCLUDE_SOURCE;
				MTL_FAST_MATH = YES;
				ONLY_ACTIVE_ARCH = YES;
				SDKROOT = iphoneos;
				SWIFT_ACTIVE_COMPILATION_CONDITIONS = DEBUG;
				SWIFT_OPTIMIZATION_LEVEL = "-Onone";
				VERSIONING_SYSTEM = "apple-generic";
				VERSION_INFO_PREFIX = "";
			};
			name = Debug;
		};
		0556277224573072003B5080 /* Release */ = {
			isa = XCBuildConfiguration;
			buildSettings = {
				ALWAYS_SEARCH_USER_PATHS = NO;
				CLANG_ANALYZER_NONNULL = YES;
				CLANG_ANALYZER_NUMBER_OBJECT_CONVERSION = YES_AGGRESSIVE;
				CLANG_CXX_LANGUAGE_STANDARD = "gnu++14";
				CLANG_CXX_LIBRARY = "libc++";
				CLANG_ENABLE_MODULES = YES;
				CLANG_ENABLE_OBJC_ARC = YES;
				CLANG_ENABLE_OBJC_WEAK = YES;
				CLANG_WARN_BLOCK_CAPTURE_AUTORELEASING = YES;
				CLANG_WARN_BOOL_CONVERSION = YES;
				CLANG_WARN_COMMA = YES;
				CLANG_WARN_CONSTANT_CONVERSION = YES;
				CLANG_WARN_DEPRECATED_OBJC_IMPLEMENTATIONS = YES;
				CLANG_WARN_DIRECT_OBJC_ISA_USAGE = YES_ERROR;
				CLANG_WARN_DOCUMENTATION_COMMENTS = YES;
				CLANG_WARN_EMPTY_BODY = YES;
				CLANG_WARN_ENUM_CONVERSION = YES;
				CLANG_WARN_INFINITE_RECURSION = YES;
				CLANG_WARN_INT_CONVERSION = YES;
				CLANG_WARN_NON_LITERAL_NULL_CONVERSION = YES;
				CLANG_WARN_OBJC_IMPLICIT_RETAIN_SELF = YES;
				CLANG_WARN_OBJC_LITERAL_CONVERSION = YES;
				CLANG_WARN_OBJC_ROOT_CLASS = YES_ERROR;
				CLANG_WARN_RANGE_LOOP_ANALYSIS = YES;
				CLANG_WARN_STRICT_PROTOTYPES = YES;
				CLANG_WARN_SUSPICIOUS_MOVE = YES;
				CLANG_WARN_UNGUARDED_AVAILABILITY = YES_AGGRESSIVE;
				CLANG_WARN_UNREACHABLE_CODE = YES;
				CLANG_WARN__DUPLICATE_METHOD_MATCH = YES;
				COPY_PHASE_STRIP = NO;
				CURRENT_PROJECT_VERSION = 1;
				DEBUG_INFORMATION_FORMAT = "dwarf-with-dsym";
				ENABLE_NS_ASSERTIONS = NO;
				ENABLE_STRICT_OBJC_MSGSEND = YES;
				GCC_C_LANGUAGE_STANDARD = gnu11;
				GCC_NO_COMMON_BLOCKS = YES;
				GCC_WARN_64_TO_32_BIT_CONVERSION = YES;
				GCC_WARN_ABOUT_RETURN_TYPE = YES_ERROR;
				GCC_WARN_UNDECLARED_SELECTOR = YES;
				GCC_WARN_UNINITIALIZED_AUTOS = YES_AGGRESSIVE;
				GCC_WARN_UNUSED_FUNCTION = YES;
				GCC_WARN_UNUSED_VARIABLE = YES;
				IPHONEOS_DEPLOYMENT_TARGET = 13.2;
				MTL_ENABLE_DEBUG_INFO = NO;
				MTL_FAST_MATH = YES;
				SDKROOT = iphoneos;
				SWIFT_COMPILATION_MODE = wholemodule;
				SWIFT_OPTIMIZATION_LEVEL = "-O";
				VALIDATE_PRODUCT = YES;
				VERSIONING_SYSTEM = "apple-generic";
				VERSION_INFO_PREFIX = "";
			};
			name = Release;
		};
		0556277424573072003B5080 /* Debug */ = {
			isa = XCBuildConfiguration;
			buildSettings = {
				CLANG_ENABLE_MODULES = YES;
				CODE_SIGN_STYLE = Automatic;
				DEFINES_MODULE = YES;
				DEVELOPMENT_TEAM = 8AYMHH2W3E;
				DYLIB_COMPATIBILITY_VERSION = 1;
				DYLIB_CURRENT_VERSION = 1;
				DYLIB_INSTALL_NAME_BASE = "@rpath";
				INFOPLIST_FILE = AppExtensionKit/Info.plist;
				INSTALL_PATH = "$(LOCAL_LIBRARY_DIR)/Frameworks";
				LD_RUNPATH_SEARCH_PATHS = (
					"$(inherited)",
					"@executable_path/Frameworks",
					"@loader_path/Frameworks",
				);
				PRODUCT_BUNDLE_IDENTIFIER = com.onebuffer.AppExtensionKit;
				PRODUCT_NAME = "$(TARGET_NAME:c99extidentifier)";
				SKIP_INSTALL = YES;
				SWIFT_OPTIMIZATION_LEVEL = "-Onone";
				SWIFT_VERSION = 5.0;
				TARGETED_DEVICE_FAMILY = "1,2";
			};
			name = Debug;
		};
		0556277524573072003B5080 /* Release */ = {
			isa = XCBuildConfiguration;
			buildSettings = {
				CLANG_ENABLE_MODULES = YES;
				CODE_SIGN_STYLE = Automatic;
				DEFINES_MODULE = YES;
				DEVELOPMENT_TEAM = 8AYMHH2W3E;
				DYLIB_COMPATIBILITY_VERSION = 1;
				DYLIB_CURRENT_VERSION = 1;
				DYLIB_INSTALL_NAME_BASE = "@rpath";
				INFOPLIST_FILE = AppExtensionKit/Info.plist;
				INSTALL_PATH = "$(LOCAL_LIBRARY_DIR)/Frameworks";
				LD_RUNPATH_SEARCH_PATHS = (
					"$(inherited)",
					"@executable_path/Frameworks",
					"@loader_path/Frameworks",
				);
				PRODUCT_BUNDLE_IDENTIFIER = com.onebuffer.AppExtensionKit;
				PRODUCT_NAME = "$(TARGET_NAME:c99extidentifier)";
				SKIP_INSTALL = YES;
				SWIFT_VERSION = 5.0;
				TARGETED_DEVICE_FAMILY = "1,2";
			};
			name = Release;
		};
		0556277724573072003B5080 /* Debug */ = {
			isa = XCBuildConfiguration;
			buildSettings = {
				ALWAYS_EMBED_SWIFT_STANDARD_LIBRARIES = YES;
				CODE_SIGN_STYLE = Automatic;
				DEVELOPMENT_TEAM = 8AYMHH2W3E;
				INFOPLIST_FILE = AppExtensionKitTests/Info.plist;
				LD_RUNPATH_SEARCH_PATHS = (
					"$(inherited)",
					"@executable_path/Frameworks",
					"@loader_path/Frameworks",
				);
				PRODUCT_BUNDLE_IDENTIFIER = com.onebuffer.AppExtensionKitTests;
				PRODUCT_NAME = "$(TARGET_NAME)";
				SWIFT_VERSION = 5.0;
				TARGETED_DEVICE_FAMILY = "1,2";
			};
			name = Debug;
		};
		0556277824573072003B5080 /* Release */ = {
			isa = XCBuildConfiguration;
			buildSettings = {
				ALWAYS_EMBED_SWIFT_STANDARD_LIBRARIES = YES;
				CODE_SIGN_STYLE = Automatic;
				DEVELOPMENT_TEAM = 8AYMHH2W3E;
				INFOPLIST_FILE = AppExtensionKitTests/Info.plist;
				LD_RUNPATH_SEARCH_PATHS = (
					"$(inherited)",
					"@executable_path/Frameworks",
					"@loader_path/Frameworks",
				);
				PRODUCT_BUNDLE_IDENTIFIER = com.onebuffer.AppExtensionKitTests;
				PRODUCT_NAME = "$(TARGET_NAME)";
				SWIFT_VERSION = 5.0;
				TARGETED_DEVICE_FAMILY = "1,2";
			};
			name = Release;
		};
/* End XCBuildConfiguration section */

/* Begin XCConfigurationList section */
		0556275924573071003B5080 /* Build configuration list for PBXProject "AppExtensionKit" */ = {
			isa = XCConfigurationList;
			buildConfigurations = (
				0556277124573072003B5080 /* Debug */,
				0556277224573072003B5080 /* Release */,
			);
			defaultConfigurationIsVisible = 0;
			defaultConfigurationName = Release;
		};
		0556277324573072003B5080 /* Build configuration list for PBXNativeTarget "AppExtensionKit" */ = {
			isa = XCConfigurationList;
			buildConfigurations = (
				0556277424573072003B5080 /* Debug */,
				0556277524573072003B5080 /* Release */,
			);
			defaultConfigurationIsVisible = 0;
			defaultConfigurationName = Release;
		};
		0556277624573072003B5080 /* Build configuration list for PBXNativeTarget "AppExtensionKitTests" */ = {
			isa = XCConfigurationList;
			buildConfigurations = (
				0556277724573072003B5080 /* Debug */,
				0556277824573072003B5080 /* Release */,
			);
			defaultConfigurationIsVisible = 0;
			defaultConfigurationName = Release;
		};
/* End XCConfigurationList section */
	};
	rootObject = 0556275624573071003B5080 /* Project object */;
}
